# THIS IS AN AUTOGENERATED FILE. DO NOT EDIT THIS FILE DIRECTLY.
# yarn lockfile v1


"@babel/runtime@^7.5.5", "@babel/runtime@^7.8.7":
  version "7.22.5"
  resolved "https://registry.yarnpkg.com/@babel/runtime/-/runtime-7.22.5.tgz#8564dd588182ce0047d55d7a75e93921107b57ec"
  integrity sha512-ecjvYlnAaZ/KVneE/OdKYBYfgXV3Ptu6zQWmgEF7vwKhQnvVS6bjMD2XYgj+SNvQ1GfK/pjgokfPkC/2CO8CuA==
  dependencies:
    regenerator-runtime "^0.13.11"

"@emotion/is-prop-valid@^0.8.2":
  version "0.8.8"
  resolved "https://registry.yarnpkg.com/@emotion/is-prop-valid/-/is-prop-valid-0.8.8.tgz#db28b1c4368a259b60a97311d6a952d4fd01ac1a"
  integrity sha512-u5WtneEAr5IDG2Wv65yhunPSMLIpuKsbuOktRojfrEiEvRyC85LgPMZI63cr7NUqT8ZIGdSVg8ZKGxIug4lXcA==
  dependencies:
    "@emotion/memoize" "0.7.4"

"@emotion/memoize@0.7.4":
  version "0.7.4"
  resolved "https://registry.yarnpkg.com/@emotion/memoize/-/memoize-0.7.4.tgz#19bf0f5af19149111c40d98bb0cf82119f5d9eeb"
  integrity sha512-Ja/Vfqe3HpuzRsG1oBtWTHk2PGZ7GR+2Vz5iYGelAw8dx32K0y7PjVuxK6z1nMpZOqAFsRUPCkK1YjJ56qJlgw==

"@fortawesome/fontawesome-common-types@6.4.0":
  version "6.4.0"
  resolved "https://registry.yarnpkg.com/@fortawesome/fontawesome-common-types/-/fontawesome-common-types-6.4.0.tgz#88da2b70d6ca18aaa6ed3687832e11f39e80624b"
  integrity sha512-HNii132xfomg5QVZw0HwXXpN22s7VBHQBv9CeOu9tfJnhsWQNd2lmTNi8CSrnw5B+5YOmzu1UoPAyxaXsJ6RgQ==

"@fortawesome/fontawesome-svg-core@^6.3.0":
  version "6.4.0"
  resolved "https://registry.yarnpkg.com/@fortawesome/fontawesome-svg-core/-/fontawesome-svg-core-6.4.0.tgz#3727552eff9179506e9203d72feb5b1063c11a21"
  integrity sha512-Bertv8xOiVELz5raB2FlXDPKt+m94MQ3JgDfsVbrqNpLU9+UE2E18GKjLKw+d3XbeYPqg1pzyQKGsrzbw+pPaw==
  dependencies:
    "@fortawesome/fontawesome-common-types" "6.4.0"

"@fortawesome/free-brands-svg-icons@^6.3.0":
  version "6.4.0"
  resolved "https://registry.yarnpkg.com/@fortawesome/free-brands-svg-icons/-/free-brands-svg-icons-6.4.0.tgz#c785cf5563231eadc5ef5f8cd0274e0b8920433f"
  integrity sha512-qvxTCo0FQ5k2N+VCXb/PZQ+QMhqRVM4OORiO6MXdG6bKolIojGU/srQ1ptvKk0JTbRgaJOfL2qMqGvBEZG7Z6g==
  dependencies:
    "@fortawesome/fontawesome-common-types" "6.4.0"

"@fortawesome/free-solid-svg-icons@^6.3.0":
  version "6.4.0"
  resolved "https://registry.yarnpkg.com/@fortawesome/free-solid-svg-icons/-/free-solid-svg-icons-6.4.0.tgz#48c0e790847fa56299e2f26b82b39663b8ad7119"
  integrity sha512-kutPeRGWm8V5dltFP1zGjQOEAzaLZj4StdQhWVZnfGFCvAPVvHh8qk5bRrU4KXnRRRNni5tKQI9PBAdI6MP8nQ==
  dependencies:
    "@fortawesome/fontawesome-common-types" "6.4.0"

"@fortawesome/react-fontawesome@^0.2.0":
  version "0.2.0"
  resolved "https://registry.yarnpkg.com/@fortawesome/react-fontawesome/-/react-fontawesome-0.2.0.tgz#d90dd8a9211830b4e3c08e94b63a0ba7291ddcf4"
  integrity sha512-uHg75Rb/XORTtVt7OS9WoK8uM276Ufi7gCzshVWkUJbHhh3svsUUeqXerrM96Wm7fRiDzfKRwSoahhMIkGAYHw==
  dependencies:
    prop-types "^15.8.1"

"@next/env@13.0.5":
  version "13.0.5"
  resolved "https://registry.yarnpkg.com/@next/env/-/env-13.0.5.tgz#f2fafaa42c6693260e00f443853b549509715ad1"
  integrity sha512-F3KLtiDrUslAZhTYTh8Zk5ZaavbYwLUn3NYPBnOjAXU8hWm0QVGVzKIOuURQ098ofRU4e9oglf3Sj9pFx5nI5w==

"@next/swc-android-arm-eabi@13.0.5":
  version "13.0.5"
  resolved "https://registry.yarnpkg.com/@next/swc-android-arm-eabi/-/swc-android-arm-eabi-13.0.5.tgz#bb83f8a8bea5d3d813059a28624e9ff3c0c22bac"
  integrity sha512-YO691dxHlviy6H0eghgwqn+5kU9J3iQnKERHTDSppqjjGDBl6ab4wz9XfI5AhljjkaTg3TknHoIEWFDoZ4Ve8g==

"@next/swc-android-arm64@13.0.5":
  version "13.0.5"
  resolved "https://registry.yarnpkg.com/@next/swc-android-arm64/-/swc-android-arm64-13.0.5.tgz#6082f7e4a7b07c5e1a1284ef0cb3b741b49f03de"
  integrity sha512-ugbwffkUmp8cd2afehDC8LtQeFUxElRUBBngfB5UYSWBx18HW4OgzkPFIY8jUBH16zifvGZWXbICXJWDHrOLtw==

"@next/swc-darwin-arm64@13.0.5":
  version "13.0.5"
  resolved "https://registry.yarnpkg.com/@next/swc-darwin-arm64/-/swc-darwin-arm64-13.0.5.tgz#764f85446590b8f2894c9aca0c96e039cd1ca5e0"
  integrity sha512-mshlh8QOtOalfZbc17uNAftWgqHTKnrv6QUwBe+mpGz04eqsSUzVz1JGZEdIkmuDxOz00cK2NPoc+VHDXh99IQ==

"@next/swc-darwin-x64@13.0.5":
  version "13.0.5"
  resolved "https://registry.yarnpkg.com/@next/swc-darwin-x64/-/swc-darwin-x64-13.0.5.tgz#f0e4855639279f85f4e0d2bc3d10e5b6c3dff33d"
  integrity sha512-SfigOKW4Z2UB3ruUPyvrlDIkcJq1hiw1wvYApWugD+tQsAkYZKEoz+/8emCmeYZ6Gwgi1WHV+z52Oj8u7bEHPg==

"@next/swc-freebsd-x64@13.0.5":
  version "13.0.5"
  resolved "https://registry.yarnpkg.com/@next/swc-freebsd-x64/-/swc-freebsd-x64-13.0.5.tgz#1ccc56db2fd6c1a8e10d3952b7cc5fb98c1eed71"
  integrity sha512-0NJg8HZr4yG8ynmMGFXQf+Mahvq4ZgBmUwSlLXXymgxEQgH17erH/LoR69uITtW+KTsALgk9axEt5AAabM4ucg==

"@next/swc-linux-arm-gnueabihf@13.0.5":
  version "13.0.5"
  resolved "https://registry.yarnpkg.com/@next/swc-linux-arm-gnueabihf/-/swc-linux-arm-gnueabihf-13.0.5.tgz#1dd70f03a33d0ea84a5cae03141437ff1e1b5642"
  integrity sha512-Cye+h3oDT3NDWjACMlRaolL8fokpKie34FlPj9nfoW7bYKmoMBY1d4IO/GgBF+5xEl7HkH0Ny/qex63vQ0pN+A==

"@next/swc-linux-arm64-gnu@13.0.5":
  version "13.0.5"
  resolved "https://registry.yarnpkg.com/@next/swc-linux-arm64-gnu/-/swc-linux-arm64-gnu-13.0.5.tgz#053d8379a509d005128763013e7be8b92abb0304"
  integrity sha512-5BfDS/VoRDR5QUGG9oedOCEZGmV2zxUVFYLUJVPMSMeIgqkjxWQBiG2BUHZI6/LGk9yvHmjx7BTvtBCLtRg6IQ==

"@next/swc-linux-arm64-musl@13.0.5":
  version "13.0.5"
  resolved "https://registry.yarnpkg.com/@next/swc-linux-arm64-musl/-/swc-linux-arm64-musl-13.0.5.tgz#4a260c6e2f8003b01668c9f2ecfefc102f307d04"
  integrity sha512-xenvqlXz+KxVKAB1YR723gnVNszpsCvKZkiFFaAYqDGJ502YuqU2fwLsaSm/ASRizNcBYeo9HPLTyc3r/9cdMQ==

"@next/swc-linux-x64-gnu@13.0.5":
  version "13.0.5"
  resolved "https://registry.yarnpkg.com/@next/swc-linux-x64-gnu/-/swc-linux-x64-gnu-13.0.5.tgz#d886be84865c4b3d720add8b0c1f7e71221972c2"
  integrity sha512-9Ahi1bbdXwhrWQmOyoTod23/hhK05da/FzodiNqd6drrMl1y7+RujoEcU8Dtw3H1mGWB+yuTlWo8B4Iba8hqiQ==

"@next/swc-linux-x64-musl@13.0.5":
  version "13.0.5"
  resolved "https://registry.yarnpkg.com/@next/swc-linux-x64-musl/-/swc-linux-x64-musl-13.0.5.tgz#2d4245512761d90f7e5086df6d6042f078b8e395"
  integrity sha512-V+1mnh49qmS9fOZxVRbzjhBEz9IUGJ7AQ80JPWAYQM5LI4TxfdiF4APLPvJ52rOmNeTqnVz1bbKtVOso+7EZ4w==

"@next/swc-win32-arm64-msvc@13.0.5":
  version "13.0.5"
  resolved "https://registry.yarnpkg.com/@next/swc-win32-arm64-msvc/-/swc-win32-arm64-msvc-13.0.5.tgz#19df9e548b3fe1a2aa8491dd7c01ca950977ac9e"
  integrity sha512-wRE9rkp7I+/3Jf2T9PFIJOKq3adMWYEFkPOA7XAkUfYbQHlDJm/U5cVCWUsKByyQq5RThwufI91sgd19MfxRxg==

"@next/swc-win32-ia32-msvc@13.0.5":
  version "13.0.5"
  resolved "https://registry.yarnpkg.com/@next/swc-win32-ia32-msvc/-/swc-win32-ia32-msvc-13.0.5.tgz#a4de6f9d2556b48869f20b1c0f61c5a88a213319"
  integrity sha512-Q1XQSLEhFuFhkKFdJIGt7cYQ4T3u6P5wrtUNreg5M+7P+fjSiC8+X+Vjcw+oebaacsdl0pWZlK+oACGafush1w==

"@next/swc-win32-x64-msvc@13.0.5":
  version "13.0.5"
  resolved "https://registry.yarnpkg.com/@next/swc-win32-x64-msvc/-/swc-win32-x64-msvc-13.0.5.tgz#f95f882900fe8bf84e049b720f18e851a7187cfe"
  integrity sha512-t5gRblrwwiNZP6cT7NkxlgxrFgHWtv9ei5vUraCLgBqzvIsa7X+PnarZUeQCXqz6Jg9JSGGT9j8lvzD97UqeJQ==

"@swc/helpers@0.4.14":
  version "0.4.14"
  resolved "https://registry.yarnpkg.com/@swc/helpers/-/helpers-0.4.14.tgz#1352ac6d95e3617ccb7c1498ff019654f1e12a74"
  integrity sha512-4C7nX/dvpzB7za4Ql9K81xK3HPxCpHMgwTZVyf+9JQ6VUbn9jjZVN7/Nkdz/Ugzs2CSjqnL/UPXroiVBVHUWUw==
  dependencies:
    tslib "^2.4.0"

caniuse-lite@^1.0.30001406:
  version "1.0.30001503"
  resolved "https://registry.yarnpkg.com/caniuse-lite/-/caniuse-lite-1.0.30001503.tgz#88b6ff1b2cf735f1f3361dc1a15b59f0561aa398"
  integrity sha512-Sf9NiF+wZxPfzv8Z3iS0rXM1Do+iOy2Lxvib38glFX+08TCYYYGR5fRJXk4d77C4AYwhUjgYgMsMudbh2TqCKw==

classnames@^2.2.5:
  version "2.3.2"
  resolved "https://registry.yarnpkg.com/classnames/-/classnames-2.3.2.tgz#351d813bf0137fcc6a76a16b88208d2560a0d924"
  integrity sha512-CSbhY4cFEJRe6/GQzIk5qXZ4Jeg5pcsP7b5peFSDpffpe1cqjASH/n9UTjBwOp6XpMSTwQ8Za2K5V02ueA7Tmw==

client-only@0.0.1:
  version "0.0.1"
  resolved "https://registry.yarnpkg.com/client-only/-/client-only-0.0.1.tgz#38bba5d403c41ab150bff64a95c85013cf73bca1"
  integrity sha512-IV3Ou0jSMzZrd3pZ48nLkT9DA7Ag1pnPzaiQhpW7c3RbcqqzvzzVu+L8gfqMp/8IM2MQtSiqaCxrrcfu8I8rMA==

core-js@^3.6.4:
  version "3.31.0"
  resolved "https://registry.yarnpkg.com/core-js/-/core-js-3.31.0.tgz#4471dd33e366c79d8c0977ed2d940821719db344"
  integrity sha512-NIp2TQSGfR6ba5aalZD+ZQ1fSxGhDo/s1w0nx3RYzf2pnJxt7YynxFlFScP6eV7+GZsKO95NSjGxyJsU3DZgeQ==

csstype@^3.0.2:
  version "3.1.2"
  resolved "https://registry.yarnpkg.com/csstype/-/csstype-3.1.2.tgz#1d4bf9d572f11c14031f0436e1c10bc1f571f50b"
  integrity sha512-I7K1Uu0MBPzaFKg4nI5Q7Vs2t+3gWWW648spaF+Rg7pI9ds18Ugn+lvg4SHczUdKlHI5LWBXyqfS8+DufyBsgQ==

deep-freeze@0.0.1:
  version "0.0.1"
  resolved "https://registry.yarnpkg.com/deep-freeze/-/deep-freeze-0.0.1.tgz#3a0b0005de18672819dfd38cd31f91179c893e84"
  integrity sha512-Z+z8HiAvsGwmjqlphnHW5oz6yWlOwu6EQfFTjmeTWlDeda3FS2yv3jhq35TX/ewmsnqB+RX2IdsIOyjJCQN5tg==

deepmerge@^2.2.1:
  version "2.2.1"
  resolved "https://registry.yarnpkg.com/deepmerge/-/deepmerge-2.2.1.tgz#5d3ff22a01c00f645405a2fbc17d0778a1801170"
  integrity sha512-R9hc1Xa/NOBi9WRVUWg19rl1UB7Tt4kuPd+thNJgFZoxXsTz7ncaPaeIm+40oSGuP33DfMb4sZt1QIGiJzC4EA==

dom-helpers@^5.0.1:
  version "5.2.1"
  resolved "https://registry.yarnpkg.com/dom-helpers/-/dom-helpers-5.2.1.tgz#d9400536b2bf8225ad98fe052e029451ac40e902"
  integrity sha512-nRCa7CK3VTrM2NmGkIy4cbK7IZlgBE/PYMn55rrXefr5xXDP0LdtfPnblFDoVdcAfslJ7or6iqAUnx0CCGIWQA==
  dependencies:
    "@babel/runtime" "^7.8.7"
    csstype "^3.0.2"

enquire.js@^2.1.6:
  version "2.1.6"
  resolved "https://registry.yarnpkg.com/enquire.js/-/enquire.js-2.1.6.tgz#3e8780c9b8b835084c3f60e166dbc3c2a3c89814"
  integrity sha512-/KujNpO+PT63F7Hlpu4h3pE3TokKRHN26JYmQpPyjkRD/N57R7bPDNojMXdi7uveAKjYB7yQnartCxZnFWr0Xw==

equals@^1.0.5:
  version "1.0.5"
  resolved "https://registry.yarnpkg.com/equals/-/equals-1.0.5.tgz#212062dde5e1a510d955f13598efcc6a621b6ace"
  integrity sha512-wI15a6ZoaaXPv+55+Vh2Kqn3+efKRv8QPtcGTjW5xmanMnQzESdAt566jevtMZyt3W/jwLDTzXpMph5ECDJ2zg==
  dependencies:
    jkroso-type "1"

framer-motion@^10.11.5:
  version "10.12.16"
  resolved "https://registry.yarnpkg.com/framer-motion/-/framer-motion-10.12.16.tgz#ccba11d216ac370c6bc65fcd9953a61deb54f071"
  integrity sha512-w/SfWEIWJkYSgRHYBmln7EhcNo31ao8Xexol8lGXf1pR/tlnBtf1HcxoUmEiEh6pacB4/geku5ami53AAQWHMQ==
  dependencies:
    tslib "^2.4.0"
  optionalDependencies:
    "@emotion/is-prop-valid" "^0.8.2"

jkroso-type@1:
  version "1.1.1"
  resolved "https://registry.yarnpkg.com/jkroso-type/-/jkroso-type-1.1.1.tgz#bc4ced6d6c45fe0745282bafc86a9f8c4fc9ce61"
  integrity sha512-zZgay+fPG6PgMUrpyFADmQmvLo39+AZa7Gc5pZhev2RhDxwANEq2etwD8d0e6rTg5NkwOIlQmaEmns3draC6Ng==

"js-tokens@^3.0.0 || ^4.0.0":
  version "4.0.0"
  resolved "https://registry.yarnpkg.com/js-tokens/-/js-tokens-4.0.0.tgz#19203fb59991df98e3a287050d4647cdeaf32499"
  integrity sha512-RdJUflcE3cUzKiMqQgsCu06FPu9UdIJO0beYbPhHN4k6apgJtifcoCtT9bcxOpYBtpD2kCM6Sbzg4CausW/PKQ==

json2mq@^0.2.0:
  version "0.2.0"
  resolved "https://registry.yarnpkg.com/json2mq/-/json2mq-0.2.0.tgz#b637bd3ba9eabe122c83e9720483aeb10d2c904a"
  integrity sha512-SzoRg7ux5DWTII9J2qkrZrqV1gt+rTaoufMxEzXbS26Uid0NwaJd123HcoB80TgubEppxxIGdNxCx50fEoEWQA==
  dependencies:
    string-convert "^0.2.0"

lodash.debounce@^4.0.8:
  version "4.0.8"
  resolved "https://registry.yarnpkg.com/lodash.debounce/-/lodash.debounce-4.0.8.tgz#82d79bff30a67c4005ffd5e2515300ad9ca4d7af"
  integrity sha512-FT1yDzDYEoYWhnSGnpE/4Kj1fLZkDFyqRb7fNt6FdYOSxlUWAtp42Eh6Wb0rGIv/m9Bgo7x4GhQbm5Ys4SG5ow==

loose-envify@^1.1.0, loose-envify@^1.4.0:
  version "1.4.0"
  resolved "https://registry.yarnpkg.com/loose-envify/-/loose-envify-1.4.0.tgz#71ee51fa7be4caec1a63839f7e682d8132d30caf"
  integrity sha512-lyuxPGr/Wfhrlem2CL/UcnUc1zcqKAImBDzukY7Y5F/yQiNdko6+fRLevlw1HgMySw7f611UIY408EtxRSoK3Q==
  dependencies:
    js-tokens "^3.0.0 || ^4.0.0"

nanoid@^3.3.4:
  version "3.3.6"
  resolved "https://registry.yarnpkg.com/nanoid/-/nanoid-3.3.6.tgz#443380c856d6e9f9824267d960b4236ad583ea4c"
  integrity sha512-BGcqMMJuToF7i1rt+2PWSNVnWIkGCU78jBG3RxO/bZlnZPK2Cmi2QaffxGO/2RvWi9sL+FAiRiXMgsyxQ1DIDA==

next@13.0.5:
  version "13.0.5"
  resolved "https://registry.yarnpkg.com/next/-/next-13.0.5.tgz#cddfd6804f84a21721da370e4425980876670173"
  integrity sha512-awpc3DkphyKydwCotcBnuKwh6hMqkT5xdiBK4OatJtOZurDPBYLP62jtM2be/4OunpmwIbsS0Eyv+ZGU97ciEg==
  dependencies:
    "@next/env" "13.0.5"
    "@swc/helpers" "0.4.14"
    caniuse-lite "^1.0.30001406"
    postcss "8.4.14"
    styled-jsx "5.1.0"
  optionalDependencies:
    "@next/swc-android-arm-eabi" "13.0.5"
    "@next/swc-android-arm64" "13.0.5"
    "@next/swc-darwin-arm64" "13.0.5"
    "@next/swc-darwin-x64" "13.0.5"
    "@next/swc-freebsd-x64" "13.0.5"
    "@next/swc-linux-arm-gnueabihf" "13.0.5"
    "@next/swc-linux-arm64-gnu" "13.0.5"
    "@next/swc-linux-arm64-musl" "13.0.5"
    "@next/swc-linux-x64-gnu" "13.0.5"
    "@next/swc-linux-x64-musl" "13.0.5"
    "@next/swc-win32-arm64-msvc" "13.0.5"
    "@next/swc-win32-ia32-msvc" "13.0.5"
    "@next/swc-win32-x64-msvc" "13.0.5"

object-assign@^4.1.1:
  version "4.1.1"
  resolved "https://registry.yarnpkg.com/object-assign/-/object-assign-4.1.1.tgz#2109adc7965887cfc05cbbd442cac8bfbb360863"
  integrity sha512-rJgTQnkUnH1sFw8yT6VSU3zD3sWmu6sZhIseY8VX+GRu3P6F7Fu+JNDoXfklElbLJSnc3FUQHVe4cU5hj+BcUg==

picocolors@^1.0.0:
  version "1.0.0"
  resolved "https://registry.yarnpkg.com/picocolors/-/picocolors-1.0.0.tgz#cb5bdc74ff3f51892236eaf79d68bc44564ab81c"
  integrity sha512-1fygroTLlHu66zi26VoTDv8yRgm0Fccecssto+MhsZ0D/DGW2sm8E8AjW7NU5VVTRt5GxbeZ5qBuJr+HyLYkjQ==

postcss@8.4.14:
  version "8.4.14"
  resolved "https://registry.yarnpkg.com/postcss/-/postcss-8.4.14.tgz#ee9274d5622b4858c1007a74d76e42e56fd21caf"
  integrity sha512-E398TUmfAYFPBSdzgeieK2Y1+1cpdxJx8yXbK/m57nRhKSmk1GB2tO4lbLBtlkfPQTDKfe4Xqv1ASWPpayPEig==
  dependencies:
    nanoid "^3.3.4"
    picocolors "^1.0.0"
    source-map-js "^1.0.2"

prop-types@^15.5.8, prop-types@^15.6.2, prop-types@^15.8.1:
  version "15.8.1"
  resolved "https://registry.yarnpkg.com/prop-types/-/prop-types-15.8.1.tgz#67d87bf1a694f48435cf332c24af10214a3140b5"
  integrity sha512-oj87CgZICdulUohogVAR7AjlC0327U4el4L6eAvOqCeudMDVU0NThNaV+b9Df4dXgSP1gXMTnPdhfe/2qDH5cg==
  dependencies:
    loose-envify "^1.4.0"
    object-assign "^4.1.1"
    react-is "^16.13.1"

pure-react-carousel@^1.30.1:
  version "1.30.1"
  resolved "https://registry.yarnpkg.com/pure-react-carousel/-/pure-react-carousel-1.30.1.tgz#006a333869b51339dafcdee2afa0561eb46d1743"
  integrity sha512-B1qi62hZk0OFqRR4cTjtgIeOn/Ls5wo+HsLtrXT4jVf5et8ldBHSt+6LsYRJN86Or8dm+XbnJNEHy6WDJ0/DQw==
  dependencies:
    "@babel/runtime" "^7.5.5"
    deep-freeze "0.0.1"
    deepmerge "^2.2.1"
    equals "^1.0.5"
    prop-types "^15.6.2"

react-dom@18.2.0:
  version "18.2.0"
  resolved "https://registry.yarnpkg.com/react-dom/-/react-dom-18.2.0.tgz#22aaf38708db2674ed9ada224ca4aa708d821e3d"
  integrity sha512-6IMTriUmvsjHUjNtEDudZfuDQUoWXVxKHhlEGSk81n4YFS+r/Kl99wXiwlVXtPBtJenozv2P+hxDsw9eA7Xo6g==
  dependencies:
    loose-envify "^1.1.0"
    scheduler "^0.23.0"

react-dom@^17.0.1:
  version "17.0.2"
  resolved "https://registry.yarnpkg.com/react-dom/-/react-dom-17.0.2.tgz#ecffb6845e3ad8dbfcdc498f0d0a939736502c23"
  integrity sha512-s4h96KtLDUQlsENhMn1ar8t2bEa+q/YAtj8pPPdIjPDGBDIVNsrD9aXNWqspUe6AzKCIG0C1HZZLqLV7qpOBGA==
  dependencies:
    loose-envify "^1.1.0"
    object-assign "^4.1.1"
    scheduler "^0.20.2"

react-easy-swipe@^0.0.21:
  version "0.0.21"
  resolved "https://registry.yarnpkg.com/react-easy-swipe/-/react-easy-swipe-0.0.21.tgz#ce9384d576f7a8529dc2ca377c1bf03920bac8eb"
  integrity sha512-OeR2jAxdoqUMHIn/nS9fgreI5hSpgGoL5ezdal4+oO7YSSgJR8ga+PkYGJrSrJ9MKlPcQjMQXnketrD7WNmNsg==
  dependencies:
    prop-types "^15.5.8"

react-faq-component@^1.3.4:
  version "1.3.4"
  resolved "https://registry.yarnpkg.com/react-faq-component/-/react-faq-component-1.3.4.tgz#aebb3d5809a0c312f80d4697d9efb4c2eaabbc2c"
  integrity sha512-oRXUfdr5OItsW4fRp5RMIUh4P2G1PAVMlFizWGR3ecwuCiNv/Akjx63yeOBrupCfh4AYqumPvQ3+hhKdxNkvxw==

react-is@^16.13.1:
  version "16.13.1"
  resolved "https://registry.yarnpkg.com/react-is/-/react-is-16.13.1.tgz#789729a4dc36de2999dc156dd6c1d9c18cea56a4"
  integrity sha512-24e6ynE2H+OKt4kqsOvNd8kBpV65zoxbA4BVsEOB3ARVWQki/DHzaUoC5KuON/BiccDaCCTZBuOcfZs70kR8bQ==

react-multi-carousel@^2.8.2:
  version "2.8.4"
  resolved "https://registry.yarnpkg.com/react-multi-carousel/-/react-multi-carousel-2.8.4.tgz#eee6493878974e372e5aa9944754602ec0f34968"
  integrity sha512-7Is5Wr+m2ebkR+oq2Su2tjUdBwpVtB2O6Tjb74KDNfxWe/FrsTQwezTJTk/r9cKCrRp9Li308v822/5bZm7XKg==

react-responsive-carousel@^3.2.23:
  version "3.2.23"
  resolved "https://registry.yarnpkg.com/react-responsive-carousel/-/react-responsive-carousel-3.2.23.tgz#4c0016ff54603e604bb5c1f9e7ef2d1eda133f1d"
  integrity sha512-pqJLsBaKHWJhw/ItODgbVoziR2z4lpcJg+YwmRlSk4rKH32VE633mAtZZ9kDXjy4wFO+pgUZmDKPsPe1fPmHCg==
  dependencies:
    classnames "^2.2.5"
    prop-types "^15.5.8"
    react-easy-swipe "^0.0.21"

react-slick@^0.29.0:
  version "0.29.0"
  resolved "https://registry.yarnpkg.com/react-slick/-/react-slick-0.29.0.tgz#0bed5ea42bf75a23d40c0259b828ed27627b51bb"
  integrity sha512-TGdOKE+ZkJHHeC4aaoH85m8RnFyWqdqRfAGkhd6dirmATXMZWAxOpTLmw2Ll/jPTQ3eEG7ercFr/sbzdeYCJXA==
  dependencies:
    classnames "^2.2.5"
    enquire.js "^2.1.6"
    json2mq "^0.2.0"
    lodash.debounce "^4.0.8"
    resize-observer-polyfill "^1.5.0"

react-sliding-side-panel@^2.0.3:
  version "2.0.3"
  resolved "https://registry.yarnpkg.com/react-sliding-side-panel/-/react-sliding-side-panel-2.0.3.tgz#c1442ebe3c7e4e8d003f8907c13df430c3648653"
  integrity sha512-5uujAqwu9XhTPmlvP58TDjHMusFTg3/AE4ROxU8GG+cEUHNq4s43mAiLOZa1gHu39jCLMlSgzHT7fsKQrTutYg==
  dependencies:
    react "^17.0.1"
    react-dom "^17.0.1"
    react-transition-group "^4.4.1"

react-transition-group@^4.4.1:
  version "4.4.5"
  resolved "https://registry.yarnpkg.com/react-transition-group/-/react-transition-group-4.4.5.tgz#e53d4e3f3344da8521489fbef8f2581d42becdd1"
  integrity sha512-pZcd1MCJoiKiBR2NRxeCRg13uCXbydPnmB4EOeRrY7480qNWO8IIgQG6zlDkm6uRMsURXPuKq0GWtiM59a5Q6g==
  dependencies:
    "@babel/runtime" "^7.5.5"
    dom-helpers "^5.0.1"
    loose-envify "^1.4.0"
    prop-types "^15.6.2"

react@18.2.0:
  version "18.2.0"
  resolved "https://registry.yarnpkg.com/react/-/react-18.2.0.tgz#555bd98592883255fa00de14f1151a917b5d77d5"
  integrity sha512-/3IjMdb2L9QbBdWiW5e3P2/npwMBaU9mHCSCUzNln0ZCYbcfTsGbTJrU/kGemdH2IWmB2ioZ+zkxtmq6g09fGQ==
  dependencies:
    loose-envify "^1.1.0"

react@^17.0.1:
  version "17.0.2"
  resolved "https://registry.yarnpkg.com/react/-/react-17.0.2.tgz#d0b5cc516d29eb3eee383f75b62864cfb6800037"
  integrity sha512-gnhPt75i/dq/z3/6q/0asP78D0u592D5L1pd7M8P+dck6Fu/jJeL6iVVK23fptSUZj8Vjf++7wXA8UNclGQcbA==
  dependencies:
    loose-envify "^1.1.0"
    object-assign "^4.1.1"

regenerator-runtime@^0.13.11:
  version "0.13.11"
  resolved "https://registry.yarnpkg.com/regenerator-runtime/-/regenerator-runtime-0.13.11.tgz#f6dca3e7ceec20590d07ada785636a90cdca17f9"
  integrity sha512-kY1AZVr2Ra+t+piVaJ4gxaFaReZVH40AKNo7UCX6W+dEwBo/2oZJzqfuN1qLq1oL45o56cPaTXELwrTh8Fpggg==

resize-observer-polyfill@^1.5.0:
  version "1.5.1"
  resolved "https://registry.yarnpkg.com/resize-observer-polyfill/-/resize-observer-polyfill-1.5.1.tgz#0e9020dd3d21024458d4ebd27e23e40269810464"
  integrity sha512-LwZrotdHOo12nQuZlHEmtuXdqGoOD0OhaxopaNFxWzInpEgaLWoVuAMbTzixuosCx2nEG58ngzW3vxdWoxIgdg==

scheduler@^0.20.2:
  version "0.20.2"
  resolved "https://registry.yarnpkg.com/scheduler/-/scheduler-0.20.2.tgz#4baee39436e34aa93b4874bddcbf0fe8b8b50e91"
  integrity sha512-2eWfGgAqqWFGqtdMmcL5zCMK1U8KlXv8SQFGglL3CEtd0aDVDWgeF/YoCmvln55m5zSk3J/20hTaSBeSObsQDQ==
  dependencies:
    loose-envify "^1.1.0"
    object-assign "^4.1.1"

scheduler@^0.23.0:
  version "0.23.0"
  resolved "https://registry.yarnpkg.com/scheduler/-/scheduler-0.23.0.tgz#ba8041afc3d30eb206a487b6b384002e4e61fdfe"
  integrity sha512-CtuThmgHNg7zIZWAXi3AsyIzA3n4xx7aNyjwC2VJldO2LMVDhFK+63xGqq6CsJH4rTAt6/M+N4GhZiDYPx9eUw==
  dependencies:
    loose-envify "^1.1.0"

slick-carousel@^1.8.1:
  version "1.8.1"
  resolved "https://registry.yarnpkg.com/slick-carousel/-/slick-carousel-1.8.1.tgz#a4bfb29014887bb66ce528b90bd0cda262cc8f8d"
  integrity sha512-XB9Ftrf2EEKfzoQXt3Nitrt/IPbT+f1fgqBdoxO3W/+JYvtEOW6EgxnWfr9GH6nmULv7Y2tPmEX3koxThVmebA==

smooth-scrollbar@^8.8.3:
  version "8.8.4"
  resolved "https://registry.yarnpkg.com/smooth-scrollbar/-/smooth-scrollbar-8.8.4.tgz#0705e9b3defeb5b46cd43871f3ebcd62ae389a26"
  integrity sha512-Wn2Q/iE+PE1ef4EfhFMhgaIMfSrjJl2LalRu0hBWSrw5nZKGsUIjWFWHnLB/Lpx7N+a1pJH6+wkQzBr+5nWPUg==
  dependencies:
    core-js "^3.6.4"
    tslib "^1.10.0"

source-map-js@^1.0.2:
  version "1.0.2"
  resolved "https://registry.yarnpkg.com/source-map-js/-/source-map-js-1.0.2.tgz#adbc361d9c62df380125e7f161f71c826f1e490c"
  integrity sha512-R0XvVJ9WusLiqTCEiGCmICCMplcCkIwwR11mOSD9CR5u+IXYdiseeEuXCVAjS54zqwkLcPNnmU4OeJ6tUrWhDw==

string-convert@^0.2.0:
  version "0.2.1"
  resolved "https://registry.yarnpkg.com/string-convert/-/string-convert-0.2.1.tgz#6982cc3049fbb4cd85f8b24568b9d9bf39eeff97"
  integrity sha512-u/1tdPl4yQnPBjnVrmdLo9gtuLvELKsAoRapekWggdiQNvvvum+jYF329d84NAa660KQw7pB2n36KrIKVoXa3A==

styled-jsx@5.1.0:
  version "5.1.0"
  resolved "https://registry.yarnpkg.com/styled-jsx/-/styled-jsx-5.1.0.tgz#4a5622ab9714bd3fcfaeec292aa555871f057563"
  integrity sha512-/iHaRJt9U7T+5tp6TRelLnqBqiaIT0HsO0+vgyj8hK2KUk7aejFqRrumqPUlAqDwAj8IbS/1hk3IhBAAK/FCUQ==
  dependencies:
    client-only "0.0.1"

tslib@^1.10.0:
  version "1.14.1"
  resolved "https://registry.yarnpkg.com/tslib/-/tslib-1.14.1.tgz#cf2d38bdc34a134bcaf1091c41f6619e2f672d00"
  integrity sha512-Xni35NKzjgMrwevysHTCArtLDpPvye8zV/0E4EyYn43P7/7qvQwPh9BGkHewbMulVntbigmcT7rdX3BNo9wRJg==

tslib@^2.4.0:
  version "2.5.3"
  resolved "https://registry.yarnpkg.com/tslib/-/tslib-2.5.3.tgz#24944ba2d990940e6e982c4bea147aba80209913"
  integrity sha512-mSxlJJwl3BMEQCUNnxXBU9jP4JBktcEGhURcPR6VQVlnP0FdDEsIaz0C35dXNGLyRfrATNofF0F5p2KPxQgB+w==
